github.com/creack/pty v1.1.9/go.mod h1:oKZEueFk5CKHvIhNR5MUki03XCEU+Q6VDXinZuGJ33E=
github.com/digitalcircle-com-br/envfile v0.0.0-20220116020901-2f768c481326 h1:OCYj/eYvoeDg6ygvQX1yqAo/MJ/fuA7dOdc5oyT8bxQ=
github.com/digitalcircle-com-br/envfile v0.0.0-20220116020901-2f768c481326/go.mod h1:LeQG2LR8fbDO35iqva7dGIynlJWiiArgQFuBogOEL+w=
github.com/digitalcircle-com-br/nanoapi v0.0.0-20220223081831-11f1227c7599 h1:Cj6G65sfXEVCQbLBrcRkQ2/qLakhptGLiBBqXxM6K+A=
github.com/digitalcircle-com-br/nanoapi v0.0.0-20220223081831-11f1227c7599/go.mod h1:m/y5lbIswTS9TtTJSR7sf1gZI94C2McmFJ2SkkPesFs=
github.com/kr/pretty v0.1.0 h1:L/CwN0zerZDmRFUapSPitk6f+Q3+0za1rQkzVuMiMFI=
github.com/kr/text v0.2.0 h1:5Nx0Ya0ZqY2ygV366QzturHI13Jq95ApcVaJBhpS+AY=
github.com/kr/text v0.2.0/go.mod h1:eLer722TekiGuMkidMxC/pM04lWEeraHUUmBw8l2grE=
gopkg.in/check.v1 v0.0.0-20161208181325-20d25e280405/go.mod h1:Co6ibVJAznAaIkqp8huTwlJQCZ016jof/cbN4VW5Yz0=
gopkg.in/check.v1 v1.0.0-20180628173108-788fd7840127 h1:qIbj1fsPNlZgppZ+VLlY7N33q108Sa+fhmuc+sWQYwY=
gopkg.in/yaml.v3 v3.0.0-20210107192922-496545a6307b h1:h8qDotaEPuJATrMmW04NCwg7v22aHH28wwpauUhK9Oo=
gopkg.in/yaml.v3 v3.0.0-20210107192922-496545a6307b/go.mod h1:K4uyk7z7BCEPqu6E+C64Yfv1cQ7kz7rIZviUmN+EgEM=
